
Microsoft Visual Studio Solution File, Format Version 12.00
# Visual Studio 15
VisualStudioVersion = 15.0.27703.2047
MinimumVisualStudioVersion = 10.0.40219.1
Project("{FAE04EC0-301F-11D3-BF4B-00C04F79EFBC}") = "CSharp Basics", "CSharp Basics\CSharp Basics.csproj", "{A835726C-3BA6-4ED5-8F3A-D60E99250951}"
EndProject
Project("{FAE04EC0-301F-11D3-BF4B-00C04F79EFBC}") = "Properties", "Properties\Properties.csproj", "{C103B36D-B1A2-4486-BDD7-7D3DC8D29445}"
EndProject
Project("{FAE04EC0-301F-11D3-BF4B-00C04F79EFBC}") = "Interfaces", "Interfaces\Interfaces.csproj", "{1BF0BB17-8901-48AB-841F-D004044A343C}"
EndProject
Project("{FAE04EC0-301F-11D3-BF4B-00C04F79EFBC}") = "Practical - Custom Equatable Structs", "Practical - Custom Equatable Structs\Practical - Custom Equatable Structs.csproj", "{F6484AAB-75EA-4EF7-9988-B2122D4BA886}"
EndProject
Project("{FAE04EC0-301F-11D3-BF4B-00C04F79EFBC}") = "Practice", "Practice\Practice.csproj", "{07A0FE22-0C21-47E7-9E2F-513F6E3AC94C}"
EndProject
Project("{FAE04EC0-301F-11D3-BF4B-00C04F79EFBC}") = "Reflection", "Reflection\Reflection.csproj", "{EBDD221D-FD47-4196-A46E-73D055B7B6EC}"
EndProject
Project("{FAE04EC0-301F-11D3-BF4B-00C04F79EFBC}") = "ExternalLib", "ExternalLib\ExternalLib.csproj", "{0F475D22-D7B4-4910-ADF1-9B695B0357CB}"
EndProject
Project("{FAE04EC0-301F-11D3-BF4B-00C04F79EFBC}") = "AdditionalLib", "AdditionalLib\AdditionalLib.csproj", "{C307568F-F4ED-4DDF-A4EC-6205AF8A75D5}"
EndProject
Global
	GlobalSection(SolutionConfigurationPlatforms) = preSolution
		Debug|Any CPU = Debug|Any CPU
		Release|Any CPU = Release|Any CPU
	EndGlobalSection
	GlobalSection(ProjectConfigurationPlatforms) = postSolution
		{A835726C-3BA6-4ED5-8F3A-D60E99250951}.Debug|Any CPU.ActiveCfg = Debug|Any CPU
		{A835726C-3BA6-4ED5-8F3A-D60E99250951}.Debug|Any CPU.Build.0 = Debug|Any CPU
		{A835726C-3BA6-4ED5-8F3A-D60E99250951}.Release|Any CPU.ActiveCfg = Release|Any CPU
		{A835726C-3BA6-4ED5-8F3A-D60E99250951}.Release|Any CPU.Build.0 = Release|Any CPU
		{C103B36D-B1A2-4486-BDD7-7D3DC8D29445}.Debug|Any CPU.ActiveCfg = Debug|Any CPU
		{C103B36D-B1A2-4486-BDD7-7D3DC8D29445}.Debug|Any CPU.Build.0 = Debug|Any CPU
		{C103B36D-B1A2-4486-BDD7-7D3DC8D29445}.Release|Any CPU.ActiveCfg = Release|Any CPU
		{C103B36D-B1A2-4486-BDD7-7D3DC8D29445}.Release|Any CPU.Build.0 = Release|Any CPU
		{1BF0BB17-8901-48AB-841F-D004044A343C}.Debug|Any CPU.ActiveCfg = Debug|Any CPU
		{1BF0BB17-8901-48AB-841F-D004044A343C}.Debug|Any CPU.Build.0 = Debug|Any CPU
		{1BF0BB17-8901-48AB-841F-D004044A343C}.Release|Any CPU.ActiveCfg = Release|Any CPU
		{1BF0BB17-8901-48AB-841F-D004044A343C}.Release|Any CPU.Build.0 = Release|Any CPU
		{F6484AAB-75EA-4EF7-9988-B2122D4BA886}.Debug|Any CPU.ActiveCfg = Debug|Any CPU
		{F6484AAB-75EA-4EF7-9988-B2122D4BA886}.Debug|Any CPU.Build.0 = Debug|Any CPU
		{F6484AAB-75EA-4EF7-9988-B2122D4BA886}.Release|Any CPU.ActiveCfg = Release|Any CPU
		{F6484AAB-75EA-4EF7-9988-B2122D4BA886}.Release|Any CPU.Build.0 = Release|Any CPU
		{07A0FE22-0C21-47E7-9E2F-513F6E3AC94C}.Debug|Any CPU.ActiveCfg = Debug|Any CPU
		{07A0FE22-0C21-47E7-9E2F-513F6E3AC94C}.Debug|Any CPU.Build.0 = Debug|Any CPU
		{07A0FE22-0C21-47E7-9E2F-513F6E3AC94C}.Release|Any CPU.ActiveCfg = Release|Any CPU
		{07A0FE22-0C21-47E7-9E2F-513F6E3AC94C}.Release|Any CPU.Build.0 = Release|Any CPU
		{EBDD221D-FD47-4196-A46E-73D055B7B6EC}.Debug|Any CPU.ActiveCfg = Debug|Any CPU
		{EBDD221D-FD47-4196-A46E-73D055B7B6EC}.Debug|Any CPU.Build.0 = Debug|Any CPU
		{EBDD221D-FD47-4196-A46E-73D055B7B6EC}.Release|Any CPU.ActiveCfg = Release|Any CPU
		{EBDD221D-FD47-4196-A46E-73D055B7B6EC}.Release|Any CPU.Build.0 = Release|Any CPU
		{0F475D22-D7B4-4910-ADF1-9B695B0357CB}.Debug|Any CPU.ActiveCfg = Debug|Any CPU
		{0F475D22-D7B4-4910-ADF1-9B695B0357CB}.Debug|Any CPU.Build.0 = Debug|Any CPU
		{0F475D22-D7B4-4910-ADF1-9B695B0357CB}.Release|Any CPU.ActiveCfg = Release|Any CPU
		{0F475D22-D7B4-4910-ADF1-9B695B0357CB}.Release|Any CPU.Build.0 = Release|Any CPU
		{C307568F-F4ED-4DDF-A4EC-6205AF8A75D5}.Debug|Any CPU.ActiveCfg = Debug|Any CPU
		{C307568F-F4ED-4DDF-A4EC-6205AF8A75D5}.Debug|Any CPU.Build.0 = Debug|Any CPU
		{C307568F-F4ED-4DDF-A4EC-6205AF8A75D5}.Release|Any CPU.ActiveCfg = Release|Any CPU
		{C307568F-F4ED-4DDF-A4EC-6205AF8A75D5}.Release|Any CPU.Build.0 = Release|Any CPU
	EndGlobalSection
	GlobalSection(SolutionProperties) = preSolution
		HideSolutionNode = FALSE
	EndGlobalSection
	GlobalSection(ExtensibilityGlobals) = postSolution
		SolutionGuid = {31FDF90D-5D5E-4222-8B37-2859034A5D81}
	EndGlobalSection
EndGlobal
