
Microsoft Visual Studio Solution File, Format Version 12.00
# Visual Studio 15
VisualStudioVersion = 15.0.27703.2047
MinimumVisualStudioVersion = 10.0.40219.1
Project("{FAE04EC0-301F-11D3-BF4B-00C04F79EFBC}") = "WpfApp1", "WpfApp1\WpfApp1.csproj", "{A377221D-0D9A-49AA-AF73-225FBB904332}"
EndProject
Global
	GlobalSection(SolutionConfigurationPlatforms) = preSolution
		Debug|Any CPU = Debug|Any CPU
		Release|Any CPU = Release|Any CPU
	EndGlobalSection
	GlobalSection(ProjectConfigurationPlatforms) = postSolution
		{A377221D-0D9A-49AA-AF73-225FBB904332}.Debug|Any CPU.ActiveCfg = Debug|Any CPU
		{A377221D-0D9A-49AA-AF73-225FBB904332}.Debug|Any CPU.Build.0 = Debug|Any CPU
		{A377221D-0D9A-49AA-AF73-225FBB904332}.Release|Any CPU.ActiveCfg = Release|Any CPU
		{A377221D-0D9A-49AA-AF73-225FBB904332}.Release|Any CPU.Build.0 = Release|Any CPU
	EndGlobalSection
	GlobalSection(SolutionProperties) = preSolution
		HideSolutionNode = FALSE
	EndGlobalSection
	GlobalSection(ExtensibilityGlobals) = postSolution
		SolutionGuid = {E2B10B98-3718-42A0-97B2-670D6F28EF0A}
	EndGlobalSection
EndGlobal
